// !$*UTF8*$!
{
	archiveVersion = 1;
	classes = {
	};
	objectVersion = 77;
	objects = {

/* Begin PBXBuildFile section */
		968CA2882E3EA470001B4ABF /* Info.plist in Resources */ = {isa = PBXBuildFile; fileRef = 968CA2852E3EA470001B4ABF /* Info.plist */; };
		968CA28A2E3EA470001B4ABF /* ContentView.swift in Sources */ = {isa = PBXBuildFile; fileRef = 968CA2842E3EA470001B4ABF /* ContentView.swift */; };
		968CA28B2E3EA470001B4ABF /* Steero_iOSApp.swift in Sources */ = {isa = PBXBuildFile; fileRef = 968CA2872E3EA470001B4ABF /* Steero_iOSApp.swift */; };
/* End PBXBuildFile section */

/* Begin PBXContainerItemProxy section */
		961572002E3E9D7500125E6F /* PBXContainerItemProxy */ = {
			isa = PBXContainerItemProxy;
			containerPortal = 961571E92E3E9D7300125E6F /* Project object */;
			proxyType = 1;
			remoteGlobalIDString = 961571F02E3E9D7300125E6F;
			remoteInfo = "Steero-iOS";
		};
		9615720A2E3E9D7500125E6F /* PBXContainerItemProxy */ = {
			isa = PBXContainerItemProxy;
			containerPortal = 961571E92E3E9D7300125E6F /* Project object */;
			proxyType = 1;
			remoteGlobalIDString = 961571F02E3E9D7300125E6F;
			remoteInfo = "Steero-iOS";
		};
/* End PBXContainerItemProxy section */

/* Begin PBXFileReference section */
		961571F12E3E9D7300125E6F /* Steero-iOS.app */ = {isa = PBXFileReference; explicitFileType = wrapper.application; includeInIndex = 0; path = "Steero-iOS.app"; sourceTree = BUILT_PRODUCTS_DIR; };
		961571FF2E3E9D7500125E6F /* Steero-iOSTests.xctest */ = {isa = PBXFileReference; explicitFileType = wrapper.cfbundle; includeInIndex = 0; path = "Steero-iOSTests.xctest"; sourceTree = BUILT_PRODUCTS_DIR; };
		961572092E3E9D7500125E6F /* Steero-iOSUITests.xctest */ = {isa = PBXFileReference; explicitFileType = wrapper.cfbundle; includeInIndex = 0; path = "Steero-iOSUITests.xctest"; sourceTree = BUILT_PRODUCTS_DIR; };
		968CA2842E3EA470001B4ABF /* ContentView.swift */ = {isa = PBXFileReference; lastKnownFileType = sourcecode.swift; path = ContentView.swift; sourceTree = "<group>"; };
		968CA2852E3EA470001B4ABF /* Info.plist */ = {isa = PBXFileReference; lastKnownFileType = text.plist.xml; path = Info.plist; sourceTree = "<group>"; };
		968CA2862E3EA470001B4ABF /* Steero_iOS.entitlements */ = {isa = PBXFileReference; lastKnownFileType = text.plist.entitlements; path = Steero_iOS.entitlements; sourceTree = "<group>"; };
		968CA2872E3EA470001B4ABF /* Steero_iOSApp.swift */ = {isa = PBXFileReference; lastKnownFileType = sourcecode.swift; path = Steero_iOSApp.swift; sourceTree = "<group>"; };
		968CA2972E3EA5EF001B4ABF /* MotionManager.swift */ = {isa = PBXFileReference; lastKnownFileType = sourcecode.swift; path = MotionManager.swift; sourceTree = "<group>"; };
		968CA2982E3EA679001B4ABF /* ControlPacket.swift */ = {isa = PBXFileReference; lastKnownFileType = sourcecode.swift; path = ControlPacket.swift; sourceTree = "<group>"; };
		968CA2992E3EA693001B4ABF /* BLEPeripheral.swift */ = {isa = PBXFileReference; lastKnownFileType = sourcecode.swift; path = BLEPeripheral.swift; sourceTree = "<group>"; };
/* End PBXFileReference section */

/* Begin PBXFileSystemSynchronizedRootGroup section */
		961572022E3E9D7500125E6F /* Steero-iOSTests */ = {
			isa = PBXFileSystemSynchronizedRootGroup;
			path = "Steero-iOSTests";
			sourceTree = "<group>";
		};
		9615720C2E3E9D7500125E6F /* Steero-iOSUITests */ = {
			isa = PBXFileSystemSynchronizedRootGroup;
			path = "Steero-iOSUITests";
			sourceTree = "<group>";
		};
/* End PBXFileSystemSynchronizedRootGroup section */

/* Begin PBXFrameworksBuildPhase section */
		961571EE2E3E9D7300125E6F /* Frameworks */ = {
			isa = PBXFrameworksBuildPhase;
			buildActionMask = 2147483647;
			files = (
			);
			runOnlyForDeploymentPostprocessing = 0;
		};
		961571FC2E3E9D7500125E6F /* Frameworks */ = {
			isa = PBXFrameworksBuildPhase;
			buildActionMask = 2147483647;
			files = (
			);
			runOnlyForDeploymentPostprocessing = 0;
		};
		961572062E3E9D7500125E6F /* Frameworks */ = {
			isa = PBXFrameworksBuildPhase;
			buildActionMask = 2147483647;
			files = (
			);
			runOnlyForDeploymentPostprocessing = 0;
		};
/* End PBXFrameworksBuildPhase section */

/* Begin PBXGroup section */
		961571E82E3E9D7300125E6F = {
			isa = PBXGroup;
			children = (
				968CA2872E3EA470001B4ABF /* Steero_iOSApp.swift */,
				968CA2862E3EA470001B4ABF /* Steero_iOS.entitlements */,
				968CA2852E3EA470001B4ABF /* Info.plist */,
				968CA2952E3EA4DA001B4ABF /* Views */,
				968CA2942E3EA4D5001B4ABF /* Models */,
				968CA2932E3EA4CD001B4ABF /* BLE */,
				968CA2922E3EA491001B4ABF /* Motion */,
				968CA2962E3EA53F001B4ABF /* Tests */,
				961571F22E3E9D7300125E6F /* Products */,
			);
			sourceTree = "<group>";
		};
		961571F22E3E9D7300125E6F /* Products */ = {
			isa = PBXGroup;
			children = (
				961571F12E3E9D7300125E6F /* Steero-iOS.app */,
				961571FF2E3E9D7500125E6F /* Steero-iOSTests.xctest */,
				961572092E3E9D7500125E6F /* Steero-iOSUITests.xctest */,
			);
			name = Products;
			sourceTree = "<group>";
		};
		968CA2922E3EA491001B4ABF /* Motion */ = {
			isa = PBXGroup;
			children = (
				968CA2972E3EA5EF001B4ABF /* MotionManager.swift */,
			);
			path = Motion;
			sourceTree = "<group>";
		};
		968CA2932E3EA4CD001B4ABF /* BLE */ = {
			isa = PBXGroup;
			children = (
				968CA2992E3EA693001B4ABF /* BLEPeripheral.swift */,
			);
			path = BLE;
			sourceTree = "<group>";
		};
		968CA2942E3EA4D5001B4ABF /* Models */ = {
			isa = PBXGroup;
			children = (
				968CA2982E3EA679001B4ABF /* ControlPacket.swift */,
			);
			path = Models;
			sourceTree = "<group>";
		};
		968CA2952E3EA4DA001B4ABF /* Views */ = {
			isa = PBXGroup;
			children = (
				968CA2842E3EA470001B4ABF /* ContentView.swift */,
			);
			path = Views;
			sourceTree = "<group>";
		};
		968CA2962E3EA53F001B4ABF /* Tests */ = {
			isa = PBXGroup;
			children = (
				961572022E3E9D7500125E6F /* Steero-iOSTests */,
				9615720C2E3E9D7500125E6F /* Steero-iOSUITests */,
			);
			path = Tests;
			sourceTree = "<group>";
		};
/* End PBXGroup section */

/* Begin PBXNativeTarget section */
		961571F02E3E9D7300125E6F /* Steero-iOS */ = {
			isa = PBXNativeTarget;
			buildConfigurationList = 961572132E3E9D7500125E6F /* Build configuration list for PBXNativeTarget "Steero-iOS" */;
			buildPhases = (
				961571ED2E3E9D7300125E6F /* Sources */,
				961571EE2E3E9D7300125E6F /* Frameworks */,
				961571EF2E3E9D7300125E6F /* Resources */,
			);
			buildRules = (
			);
			dependencies = (
			);
			name = "Steero-iOS";
			packageProductDependencies = (
			);
			productName = "Steero-iOS";
			productReference = 961571F12E3E9D7300125E6F /* Steero-iOS.app */;
			productType = "com.apple.product-type.application";
		};
		961571FE2E3E9D7500125E6F /* Steero-iOSTests */ = {
			isa = PBXNativeTarget;
			buildConfigurationList = 961572162E3E9D7500125E6F /* Build configuration list for PBXNativeTarget "Steero-iOSTests" */;
			buildPhases = (
				961571FB2E3E9D7500125E6F /* Sources */,
				961571FC2E3E9D7500125E6F /* Frameworks */,
				961571FD2E3E9D7500125E6F /* Resources */,
			);
			buildRules = (
			);
			dependencies = (
				961572012E3E9D7500125E6F /* PBXTargetDependency */,
			);
			fileSystemSynchronizedGroups = (
				961572022E3E9D7500125E6F /* Steero-iOSTests */,
			);
			name = "Steero-iOSTests";
			packageProductDependencies = (
			);
			productName = "Steero-iOSTests";
			productReference = 961571FF2E3E9D7500125E6F /* Steero-iOSTests.xctest */;
			productType = "com.apple.product-type.bundle.unit-test";
		};
		961572082E3E9D7500125E6F /* Steero-iOSUITests */ = {
			isa = PBXNativeTarget;
			buildConfigurationList = 961572192E3E9D7500125E6F /* Build configuration list for PBXNativeTarget "Steero-iOSUITests" */;
			buildPhases = (
				961572052E3E9D7500125E6F /* Sources */,
				961572062E3E9D7500125E6F /* Frameworks */,
				961572072E3E9D7500125E6F /* Resources */,
			);
			buildRules = (
			);
			dependencies = (
				9615720B2E3E9D7500125E6F /* PBXTargetDependency */,
			);
			fileSystemSynchronizedGroups = (
				9615720C2E3E9D7500125E6F /* Steero-iOSUITests */,
			);
			name = "Steero-iOSUITests";
			packageProductDependencies = (
			);
			productName = "Steero-iOSUITests";
			productReference = 961572092E3E9D7500125E6F /* Steero-iOSUITests.xctest */;
			productType = "com.apple.product-type.bundle.ui-testing";
		};
/* End PBXNativeTarget section */

/* Begin PBXProject section */
		961571E92E3E9D7300125E6F /* Project object */ = {
			isa = PBXProject;
			attributes = {
				BuildIndependentTargetsInParallel = 1;
				LastSwiftUpdateCheck = 1630;
				LastUpgradeCheck = 1630;
				TargetAttributes = {
					961571F02E3E9D7300125E6F = {
						CreatedOnToolsVersion = 16.3;
					};
					961571FE2E3E9D7500125E6F = {
						CreatedOnToolsVersion = 16.3;
						TestTargetID = 961571F02E3E9D7300125E6F;
					};
					961572082E3E9D7500125E6F = {
						CreatedOnToolsVersion = 16.3;
						TestTargetID = 961571F02E3E9D7300125E6F;
					};
				};
			};
			buildConfigurationList = 961571EC2E3E9D7300125E6F /* Build configuration list for PBXProject "Steero-iOS" */;
			developmentRegion = en;
			hasScannedForEncodings = 0;
			knownRegions = (
				en,
				Base,
			);
			mainGroup = 961571E82E3E9D7300125E6F;
			minimizedProjectReferenceProxies = 1;
			preferredProjectObjectVersion = 77;
			productRefGroup = 961571F22E3E9D7300125E6F /* Products */;
			projectDirPath = "";
			projectRoot = "";
			targets = (
				961571F02E3E9D7300125E6F /* Steero-iOS */,
				961571FE2E3E9D7500125E6F /* Steero-iOSTests */,
				961572082E3E9D7500125E6F /* Steero-iOSUITests */,
			);
		};
/* End PBXProject section */

/* Begin PBXResourcesBuildPhase section */
		961571EF2E3E9D7300125E6F /* Resources */ = {
			isa = PBXResourcesBuildPhase;
			buildActionMask = 2147483647;
			files = (
				968CA2882E3EA470001B4ABF /* Info.plist in Resources */,
			);
			runOnlyForDeploymentPostprocessing = 0;
		};
		961571FD2E3E9D7500125E6F /* Resources */ = {
			isa = PBXResourcesBuildPhase;
			buildActionMask = 2147483647;
			files = (
			);
			runOnlyForDeploymentPostprocessing = 0;
		};
		961572072E3E9D7500125E6F /* Resources */ = {
			isa = PBXResourcesBuildPhase;
			buildActionMask = 2147483647;
			files = (
			);
			runOnlyForDeploymentPostprocessing = 0;
		};
/* End PBXResourcesBuildPhase section */

/* Begin PBXSourcesBuildPhase section */
		961571ED2E3E9D7300125E6F /* Sources */ = {
			isa = PBXSourcesBuildPhase;
			buildActionMask = 2147483647;
			files = (
				968CA28A2E3EA470001B4ABF /* ContentView.swift in Sources */,
				968CA28B2E3EA470001B4ABF /* Steero_iOSApp.swift in Sources */,
			);
			runOnlyForDeploymentPostprocessing = 0;
		};
		961571FB2E3E9D7500125E6F /* Sources */ = {
			isa = PBXSourcesBuildPhase;
			buildActionMask = 2147483647;
			files = (
			);
			runOnlyForDeploymentPostprocessing = 0;
		};
		961572052E3E9D7500125E6F /* Sources */ = {
			isa = PBXSourcesBuildPhase;
			buildActionMask = 2147483647;
			files = (
			);
			runOnlyForDeploymentPostprocessing = 0;
		};
/* End PBXSourcesBuildPhase section */

/* Begin PBXTargetDependency section */
		961572012E3E9D7500125E6F /* PBXTargetDependency */ = {
			isa = PBXTargetDependency;
			target = 961571F02E3E9D7300125E6F /* Steero-iOS */;
			targetProxy = 961572002E3E9D7500125E6F /* PBXContainerItemProxy */;
		};
		9615720B2E3E9D7500125E6F /* PBXTargetDependency */ = {
			isa = PBXTargetDependency;
			target = 961571F02E3E9D7300125E6F /* Steero-iOS */;
			targetProxy = 9615720A2E3E9D7500125E6F /* PBXContainerItemProxy */;
		};
/* End PBXTargetDependency section */

/* Begin XCBuildConfiguration section */
		961572112E3E9D7500125E6F /* Debug */ = {
			isa = XCBuildConfiguration;
			buildSettings = {
				ALWAYS_SEARCH_USER_PATHS = NO;
				ASSETCATALOG_COMPILER_GENERATE_SWIFT_ASSET_SYMBOL_EXTENSIONS = YES;
				CLANG_ANALYZER_NONNULL = YES;
				CLANG_ANALYZER_NUMBER_OBJECT_CONVERSION = YES_AGGRESSIVE;
				CLANG_CXX_LANGUAGE_STANDARD = "gnu++20";
				CLANG_ENABLE_MODULES = YES;
				CLANG_ENABLE_OBJC_ARC = YES;
				CLANG_ENABLE_OBJC_WEAK = YES;
				CLANG_WARN_BLOCK_CAPTURE_AUTORELEASING = YES;
				CLANG_WARN_BOOL_CONVERSION = YES;
				CLANG_WARN_COMMA = YES;
				CLANG_WARN_CONSTANT_CONVERSION = YES;
				CLANG_WARN_DEPRECATED_OBJC_IMPLEMENTATIONS = YES;
				CLANG_WARN_DIRECT_OBJC_ISA_USAGE = YES_ERROR;
				CLANG_WARN_DOCUMENTATION_COMMENTS = YES;
				CLANG_WARN_EMPTY_BODY = YES;
				CLANG_WARN_ENUM_CONVERSION = YES;
				CLANG_WARN_INFINITE_RECURSION = YES;
				CLANG_WARN_INT_CONVERSION = YES;
				CLANG_WARN_NON_LITERAL_NULL_CONVERSION = YES;
				CLANG_WARN_OBJC_IMPLICIT_RETAIN_SELF = YES;
				CLANG_WARN_OBJC_LITERAL_CONVERSION = YES;
				CLANG_WARN_OBJC_ROOT_CLASS = YES_ERROR;
				CLANG_WARN_QUOTED_INCLUDE_IN_FRAMEWORK_HEADER = YES;
				CLANG_WARN_RANGE_LOOP_ANALYSIS = YES;
				CLANG_WARN_STRICT_PROTOTYPES = YES;
				CLANG_WARN_SUSPICIOUS_MOVE = YES;
				CLANG_WARN_UNGUARDED_AVAILABILITY = YES_AGGRESSIVE;
				CLANG_WARN_UNREACHABLE_CODE = YES;
				CLANG_WARN__DUPLICATE_METHOD_MATCH = YES;
				COPY_PHASE_STRIP = NO;
				DEBUG_INFORMATION_FORMAT = dwarf;
				ENABLE_STRICT_OBJC_MSGSEND = YES;
				ENABLE_TESTABILITY = YES;
				ENABLE_USER_SCRIPT_SANDBOXING = YES;
				GCC_C_LANGUAGE_STANDARD = gnu17;
				GCC_DYNAMIC_NO_PIC = NO;
				GCC_NO_COMMON_BLOCKS = YES;
				GCC_OPTIMIZATION_LEVEL = 0;
				GCC_PREPROCESSOR_DEFINITIONS = (
					"DEBUG=1",
					"$(inherited)",
				);
				GCC_WARN_64_TO_32_BIT_CONVERSION = YES;
				GCC_WARN_ABOUT_RETURN_TYPE = YES_ERROR;
				GCC_WARN_UNDECLARED_SELECTOR = YES;
				GCC_WARN_UNINITIALIZED_AUTOS = YES_AGGRESSIVE;
				GCC_WARN_UNUSED_FUNCTION = YES;
				GCC_WARN_UNUSED_VARIABLE = YES;
				LOCALIZATION_PREFERS_STRING_CATALOGS = YES;
				MTL_ENABLE_DEBUG_INFO = INCLUDE_SOURCE;
				MTL_FAST_MATH = YES;
				ONLY_ACTIVE_ARCH = YES;
				SWIFT_ACTIVE_COMPILATION_CONDITIONS = "DEBUG $(inherited)";
				SWIFT_OPTIMIZATION_LEVEL = "-Onone";
			};
			name = Debug;
		};
		961572122E3E9D7500125E6F /* Release */ = {
			isa = XCBuildConfiguration;
			buildSettings = {
				ALWAYS_SEARCH_USER_PATHS = NO;
				ASSETCATALOG_COMPILER_GENERATE_SWIFT_ASSET_SYMBOL_EXTENSIONS = YES;
				CLANG_ANALYZER_NONNULL = YES;
				CLANG_ANALYZER_NUMBER_OBJECT_CONVERSION = YES_AGGRESSIVE;
				CLANG_CXX_LANGUAGE_STANDARD = "gnu++20";
				CLANG_ENABLE_MODULES = YES;
				CLANG_ENABLE_OBJC_ARC = YES;
				CLANG_ENABLE_OBJC_WEAK = YES;
				CLANG_WARN_BLOCK_CAPTURE_AUTORELEASING = YES;
				CLANG_WARN_BOOL_CONVERSION = YES;
				CLANG_WARN_COMMA = YES;
				CLANG_WARN_CONSTANT_CONVERSION = YES;
				CLANG_WARN_DEPRECATED_OBJC_IMPLEMENTATIONS = YES;
				CLANG_WARN_DIRECT_OBJC_ISA_USAGE = YES_ERROR;
				CLANG_WARN_DOCUMENTATION_COMMENTS = YES;
				CLANG_WARN_EMPTY_BODY = YES;
				CLANG_WARN_ENUM_CONVERSION = YES;
				CLANG_WARN_INFINITE_RECURSION = YES;
				CLANG_WARN_INT_CONVERSION = YES;
				CLANG_WARN_NON_LITERAL_NULL_CONVERSION = YES;
				CLANG_WARN_OBJC_IMPLICIT_RETAIN_SELF = YES;
				CLANG_WARN_OBJC_LITERAL_CONVERSION = YES;
				CLANG_WARN_OBJC_ROOT_CLASS = YES_ERROR;
				CLANG_WARN_QUOTED_INCLUDE_IN_FRAMEWORK_HEADER = YES;
				CLANG_WARN_RANGE_LOOP_ANALYSIS = YES;
				CLANG_WARN_STRICT_PROTOTYPES = YES;
				CLANG_WARN_SUSPICIOUS_MOVE = YES;
				CLANG_WARN_UNGUARDED_AVAILABILITY = YES_AGGRESSIVE;
				CLANG_WARN_UNREACHABLE_CODE = YES;
				CLANG_WARN__DUPLICATE_METHOD_MATCH = YES;
				COPY_PHASE_STRIP = NO;
				DEBUG_INFORMATION_FORMAT = "dwarf-with-dsym";
				ENABLE_NS_ASSERTIONS = NO;
				ENABLE_STRICT_OBJC_MSGSEND = YES;
				ENABLE_USER_SCRIPT_SANDBOXING = YES;
				GCC_C_LANGUAGE_STANDARD = gnu17;
				GCC_NO_COMMON_BLOCKS = YES;
				GCC_WARN_64_TO_32_BIT_CONVERSION = YES;
				GCC_WARN_ABOUT_RETURN_TYPE = YES_ERROR;
				GCC_WARN_UNDECLARED_SELECTOR = YES;
				GCC_WARN_UNINITIALIZED_AUTOS = YES_AGGRESSIVE;
				GCC_WARN_UNUSED_FUNCTION = YES;
				GCC_WARN_UNUSED_VARIABLE = YES;
				LOCALIZATION_PREFERS_STRING_CATALOGS = YES;
				MTL_ENABLE_DEBUG_INFO = NO;
				MTL_FAST_MATH = YES;
				SWIFT_COMPILATION_MODE = wholemodule;
			};
			name = Release;
		};
		961572142E3E9D7500125E6F /* Debug */ = {
			isa = XCBuildConfiguration;
			buildSettings = {
				ASSETCATALOG_COMPILER_APPICON_NAME = AppIcon;
				ASSETCATALOG_COMPILER_GLOBAL_ACCENT_COLOR_NAME = AccentColor;
				CODE_SIGN_ENTITLEMENTS = "Steero-iOS/Steero_iOS.entitlements";
				CODE_SIGN_STYLE = Automatic;
				CURRENT_PROJECT_VERSION = 1;
				ENABLE_PREVIEWS = YES;
				GENERATE_INFOPLIST_FILE = YES;
				"INFOPLIST_KEY_UIApplicationSceneManifest_Generation[sdk=iphoneos*]" = YES;
				"INFOPLIST_KEY_UIApplicationSceneManifest_Generation[sdk=iphonesimulator*]" = YES;
				"INFOPLIST_KEY_UIApplicationSupportsIndirectInputEvents[sdk=iphoneos*]" = YES;
				"INFOPLIST_KEY_UIApplicationSupportsIndirectInputEvents[sdk=iphonesimulator*]" = YES;
				"INFOPLIST_KEY_UILaunchScreen_Generation[sdk=iphoneos*]" = YES;
				"INFOPLIST_KEY_UILaunchScreen_Generation[sdk=iphonesimulator*]" = YES;
				"INFOPLIST_KEY_UIStatusBarStyle[sdk=iphoneos*]" = UIStatusBarStyleDefault;
				"INFOPLIST_KEY_UIStatusBarStyle[sdk=iphonesimulator*]" = UIStatusBarStyleDefault;
				INFOPLIST_KEY_UISupportedInterfaceOrientations_iPad = "UIInterfaceOrientationPortrait UIInterfaceOrientationPortraitUpsideDown UIInterfaceOrientationLandscapeLeft UIInterfaceOrientationLandscapeRight";
				INFOPLIST_KEY_UISupportedInterfaceOrientations_iPhone = "UIInterfaceOrientationPortrait UIInterfaceOrientationLandscapeLeft UIInterfaceOrientationLandscapeRight";
				IPHONEOS_DEPLOYMENT_TARGET = 18.4;
				LD_RUNPATH_SEARCH_PATHS = "@executable_path/Frameworks";
				"LD_RUNPATH_SEARCH_PATHS[sdk=macosx*]" = "@executable_path/../Frameworks";
				MACOSX_DEPLOYMENT_TARGET = 15.4;
				MARKETING_VERSION = 1.0;
				PRODUCT_BUNDLE_IDENTIFIER = "ashok.Steero-iOS";
				PRODUCT_NAME = "$(TARGET_NAME)";
				REGISTER_APP_GROUPS = YES;
				SDKROOT = auto;
				SUPPORTED_PLATFORMS = "iphoneos iphonesimulator macosx xros xrsimulator";
				SWIFT_EMIT_LOC_STRINGS = YES;
				SWIFT_VERSION = 5.0;
				TARGETED_DEVICE_FAMILY = "1,2,7";
				XROS_DEPLOYMENT_TARGET = 2.4;
			};
			name = Debug;
		};
		961572152E3E9D7500125E6F /* Release */ = {
			isa = XCBuildConfiguration;
			buildSettings = {
				ASSETCATALOG_COMPILER_APPICON_NAME = AppIcon;
				ASSETCATALOG_COMPILER_GLOBAL_ACCENT_COLOR_NAME = AccentColor;
				CODE_SIGN_ENTITLEMENTS = "Steero-iOS/Steero_iOS.entitlements";
				CODE_SIGN_STYLE = Automatic;
				CURRENT_PROJECT_VERSION = 1;
				ENABLE_PREVIEWS = YES;
				GENERATE_INFOPLIST_FILE = YES;
				"INFOPLIST_KEY_UIApplicationSceneManifest_Generation[sdk=iphoneos*]" = YES;
				"INFOPLIST_KEY_UIApplicationSceneManifest_Generation[sdk=iphonesimulator*]" = YES;
				"INFOPLIST_KEY_UIApplicationSupportsIndirectInputEvents[sdk=iphoneos*]" = YES;
				"INFOPLIST_KEY_UIApplicationSupportsIndirectInputEvents[sdk=iphonesimulator*]" = YES;
				"INFOPLIST_KEY_UILaunchScreen_Generation[sdk=iphoneos*]" = YES;
				"INFOPLIST_KEY_UILaunchScreen_Generation[sdk=iphonesimulator*]" = YES;
				"INFOPLIST_KEY_UIStatusBarStyle[sdk=iphoneos*]" = UIStatusBarStyleDefault;
				"INFOPLIST_KEY_UIStatusBarStyle[sdk=iphonesimulator*]" = UIStatusBarStyleDefault;
				INFOPLIST_KEY_UISupportedInterfaceOrientations_iPad = "UIInterfaceOrientationPortrait UIInterfaceOrientationPortraitUpsideDown UIInterfaceOrientationLandscapeLeft UIInterfaceOrientationLandscapeRight";
				INFOPLIST_KEY_UISupportedInterfaceOrientations_iPhone = "UIInterfaceOrientationPortrait UIInterfaceOrientationLandscapeLeft UIInterfaceOrientationLandscapeRight";
				IPHONEOS_DEPLOYMENT_TARGET = 18.4;
				LD_RUNPATH_SEARCH_PATHS = "@executable_path/Frameworks";
				"LD_RUNPATH_SEARCH_PATHS[sdk=macosx*]" = "@executable_path/../Frameworks";
				MACOSX_DEPLOYMENT_TARGET = 15.4;
				MARKETING_VERSION = 1.0;
				PRODUCT_BUNDLE_IDENTIFIER = "ashok.Steero-iOS";
				PRODUCT_NAME = "$(TARGET_NAME)";
				REGISTER_APP_GROUPS = YES;
				SDKROOT = auto;
				SUPPORTED_PLATFORMS = "iphoneos iphonesimulator macosx xros xrsimulator";
				SWIFT_EMIT_LOC_STRINGS = YES;
				SWIFT_VERSION = 5.0;
				TARGETED_DEVICE_FAMILY = "1,2,7";
				XROS_DEPLOYMENT_TARGET = 2.4;
			};
			name = Release;
		};
		961572172E3E9D7500125E6F /* Debug */ = {
			isa = XCBuildConfiguration;
			buildSettings = {
				BUNDLE_LOADER = "$(TEST_HOST)";
				CODE_SIGN_STYLE = Automatic;
				CURRENT_PROJECT_VERSION = 1;
				GENERATE_INFOPLIST_FILE = YES;
				IPHONEOS_DEPLOYMENT_TARGET = 18.4;
				MACOSX_DEPLOYMENT_TARGET = 15.4;
				MARKETING_VERSION = 1.0;
				PRODUCT_BUNDLE_IDENTIFIER = "ashok.Steero-iOSTests";
				PRODUCT_NAME = "$(TARGET_NAME)";
				SDKROOT = auto;
				SUPPORTED_PLATFORMS = "iphoneos iphonesimulator macosx xros xrsimulator";
				SWIFT_EMIT_LOC_STRINGS = NO;
				SWIFT_VERSION = 5.0;
				TARGETED_DEVICE_FAMILY = "1,2,7";
				TEST_HOST = "$(BUILT_PRODUCTS_DIR)/Steero-iOS.app/$(BUNDLE_EXECUTABLE_FOLDER_PATH)/Steero-iOS";
				XROS_DEPLOYMENT_TARGET = 2.4;
			};
			name = Debug;
		};
		961572182E3E9D7500125E6F /* Release */ = {
			isa = XCBuildConfiguration;
			buildSettings = {
				BUNDLE_LOADER = "$(TEST_HOST)";
				CODE_SIGN_STYLE = Automatic;
				CURRENT_PROJECT_VERSION = 1;
				GENERATE_INFOPLIST_FILE = YES;
				IPHONEOS_DEPLOYMENT_TARGET = 18.4;
				MACOSX_DEPLOYMENT_TARGET = 15.4;
				MARKETING_VERSION = 1.0;
				PRODUCT_BUNDLE_IDENTIFIER = "ashok.Steero-iOSTests";
				PRODUCT_NAME = "$(TARGET_NAME)";
				SDKROOT = auto;
				SUPPORTED_PLATFORMS = "iphoneos iphonesimulator macosx xros xrsimulator";
				SWIFT_EMIT_LOC_STRINGS = NO;
				SWIFT_VERSION = 5.0;
				TARGETED_DEVICE_FAMILY = "1,2,7";
				TEST_HOST = "$(BUILT_PRODUCTS_DIR)/Steero-iOS.app/$(BUNDLE_EXECUTABLE_FOLDER_PATH)/Steero-iOS";
				XROS_DEPLOYMENT_TARGET = 2.4;
			};
			name = Release;
		};
		9615721A2E3E9D7500125E6F /* Debug */ = {
			isa = XCBuildConfiguration;
			buildSettings = {
				CODE_SIGN_STYLE = Automatic;
				CURRENT_PROJECT_VERSION = 1;
				GENERATE_INFOPLIST_FILE = YES;
				IPHONEOS_DEPLOYMENT_TARGET = 18.4;
				MACOSX_DEPLOYMENT_TARGET = 15.4;
				MARKETING_VERSION = 1.0;
				PRODUCT_BUNDLE_IDENTIFIER = "ashok.Steero-iOSUITests";
				PRODUCT_NAME = "$(TARGET_NAME)";
				SDKROOT = auto;
				SUPPORTED_PLATFORMS = "iphoneos iphonesimulator macosx xros xrsimulator";
				SWIFT_EMIT_LOC_STRINGS = NO;
				SWIFT_VERSION = 5.0;
				TARGETED_DEVICE_FAMILY = "1,2,7";
				TEST_TARGET_NAME = "Steero-iOS";
				XROS_DEPLOYMENT_TARGET = 2.4;
			};
			name = Debug;
		};
		9615721B2E3E9D7500125E6F /* Release */ = {
			isa = XCBuildConfiguration;
			buildSettings = {
				CODE_SIGN_STYLE = Automatic;
				CURRENT_PROJECT_VERSION = 1;
				GENERATE_INFOPLIST_FILE = YES;
				IPHONEOS_DEPLOYMENT_TARGET = 18.4;
				MACOSX_DEPLOYMENT_TARGET = 15.4;
				MARKETING_VERSION = 1.0;
				PRODUCT_BUNDLE_IDENTIFIER = "ashok.Steero-iOSUITests";
				PRODUCT_NAME = "$(TARGET_NAME)";
				SDKROOT = auto;
				SUPPORTED_PLATFORMS = "iphoneos iphonesimulator macosx xros xrsimulator";
				SWIFT_EMIT_LOC_STRINGS = NO;
				SWIFT_VERSION = 5.0;
				TARGETED_DEVICE_FAMILY = "1,2,7";
				TEST_TARGET_NAME = "Steero-iOS";
				XROS_DEPLOYMENT_TARGET = 2.4;
			};
			name = Release;
		};
/* End XCBuildConfiguration section */

/* Begin XCConfigurationList section */
		961571EC2E3E9D7300125E6F /* Build configuration list for PBXProject "Steero-iOS" */ = {
			isa = XCConfigurationList;
			buildConfigurations = (
				961572112E3E9D7500125E6F /* Debug */,
				961572122E3E9D7500125E6F /* Release */,
			);
			defaultConfigurationIsVisible = 0;
			defaultConfigurationName = Release;
		};
		961572132E3E9D7500125E6F /* Build configuration list for PBXNativeTarget "Steero-iOS" */ = {
			isa = XCConfigurationList;
			buildConfigurations = (
				961572142E3E9D7500125E6F /* Debug */,
				961572152E3E9D7500125E6F /* Release */,
			);
			defaultConfigurationIsVisible = 0;
			defaultConfigurationName = Release;
		};
		961572162E3E9D7500125E6F /* Build configuration list for PBXNativeTarget "Steero-iOSTests" */ = {
			isa = XCConfigurationList;
			buildConfigurations = (
				961572172E3E9D7500125E6F /* Debug */,
				961572182E3E9D7500125E6F /* Release */,
			);
			defaultConfigurationIsVisible = 0;
			defaultConfigurationName = Release;
		};
		961572192E3E9D7500125E6F /* Build configuration list for PBXNativeTarget "Steero-iOSUITests" */ = {
			isa = XCConfigurationList;
			buildConfigurations = (
				9615721A2E3E9D7500125E6F /* Debug */,
				9615721B2E3E9D7500125E6F /* Release */,
			);
			defaultConfigurationIsVisible = 0;
			defaultConfigurationName = Release;
		};
/* End XCConfigurationList section */
	};
	rootObject = 961571E92E3E9D7300125E6F /* Project object */;
}
